
Microsoft Visual Studio Solution File, Format Version 12.00
# Visual Studio 2012
Project("{FAE04EC0-301F-11D3-BF4B-00C04F79EFBC}") = "DemoKho", "DemoKho\DemoKho.csproj", "{564963D7-0F2F-40ED-AE4D-E5FCABB52D65}"
EndProject
Global
	GlobalSection(SolutionConfigurationPlatforms) = preSolution
		Debug|Any CPU = Debug|Any CPU
		Release|Any CPU = Release|Any CPU
	EndGlobalSection
	GlobalSection(ProjectConfigurationPlatforms) = postSolution
		{564963D7-0F2F-40ED-AE4D-E5FCABB52D65}.Debug|Any CPU.ActiveCfg = Debug|Any CPU
		{564963D7-0F2F-40ED-AE4D-E5FCABB52D65}.Debug|Any CPU.Build.0 = Debug|Any CPU
		{564963D7-0F2F-40ED-AE4D-E5FCABB52D65}.Release|Any CPU.ActiveCfg = Release|Any CPU
		{564963D7-0F2F-40ED-AE4D-E5FCABB52D65}.Release|Any CPU.Build.0 = Release|Any CPU
	EndGlobalSection
	GlobalSection(SolutionProperties) = preSolution
		HideSolutionNode = FALSE
	EndGlobalSection
EndGlobal
